
Microsoft Visual Studio Solution File, Format Version 12.00
# Visual Studio Version 17
VisualStudioVersion = 17.1.32421.90
MinimumVisualStudioVersion = 10.0.40219.1
Project("{FAE04EC0-301F-11D3-BF4B-00C04F79EFBC}") = "PetrolStation", "PetrolStation\PetrolStation.csproj", "{109C8E54-B69C-4659-BD18-E24C72F7A542}"
EndProject
Project("{54435603-DBB4-11D2-8724-00A0C9A8B90C}") = "PetrolStationSetup", "PetrolStationSetup\PetrolStationSetup.vdproj", "{74D4FEF6-6B80-4263-BAF9-A0BFC48BFCDE}"
EndProject
Global
	GlobalSection(SolutionConfigurationPlatforms) = preSolution
		Debug|Any CPU = Debug|Any CPU
		Release|Any CPU = Release|Any CPU
	EndGlobalSection
	GlobalSection(ProjectConfigurationPlatforms) = postSolution
		{109C8E54-B69C-4659-BD18-E24C72F7A542}.Debug|Any CPU.ActiveCfg = Debug|Any CPU
		{109C8E54-B69C-4659-BD18-E24C72F7A542}.Debug|Any CPU.Build.0 = Debug|Any CPU
		{109C8E54-B69C-4659-BD18-E24C72F7A542}.Release|Any CPU.ActiveCfg = Release|Any CPU
		{109C8E54-B69C-4659-BD18-E24C72F7A542}.Release|Any CPU.Build.0 = Release|Any CPU
		{74D4FEF6-6B80-4263-BAF9-A0BFC48BFCDE}.Debug|Any CPU.ActiveCfg = Debug
		{74D4FEF6-6B80-4263-BAF9-A0BFC48BFCDE}.Debug|Any CPU.Build.0 = Debug
		{74D4FEF6-6B80-4263-BAF9-A0BFC48BFCDE}.Release|Any CPU.ActiveCfg = Release
		{74D4FEF6-6B80-4263-BAF9-A0BFC48BFCDE}.Release|Any CPU.Build.0 = Release
	EndGlobalSection
	GlobalSection(SolutionProperties) = preSolution
		HideSolutionNode = FALSE
	EndGlobalSection
	GlobalSection(ExtensibilityGlobals) = postSolution
		SolutionGuid = {6004BD15-E931-4810-BD5F-8199F3192690}
	EndGlobalSection
EndGlobal
